
Microsoft Visual Studio Solution File, Format Version 12.00
# Visual Studio Version 17
VisualStudioVersion = 17.12.35527.113 d17.12
MinimumVisualStudioVersion = 10.0.40219.1
Project("{FAE04EC0-301F-11D3-BF4B-00C04F79EFBC}") = "WebApplication2", "WebApplication2.csproj", "{68F7A60A-22A6-4FE5-A136-51924114D49B}"
EndProject
Global
	GlobalSection(SolutionConfigurationPlatforms) = preSolution
		Debug|Any CPU = Debug|Any CPU
		Release|Any CPU = Release|Any CPU
	EndGlobalSection
	GlobalSection(ProjectConfigurationPlatforms) = postSolution
		{68F7A60A-22A6-4FE5-A136-51924114D49B}.Debug|Any CPU.ActiveCfg = Debug|Any CPU
		{68F7A60A-22A6-4FE5-A136-51924114D49B}.Debug|Any CPU.Build.0 = Debug|Any CPU
		{68F7A60A-22A6-4FE5-A136-51924114D49B}.Release|Any CPU.ActiveCfg = Release|Any CPU
		{68F7A60A-22A6-4FE5-A136-51924114D49B}.Release|Any CPU.Build.0 = Release|Any CPU
	EndGlobalSection
	GlobalSection(SolutionProperties) = preSolution
		HideSolutionNode = FALSE
	EndGlobalSection
EndGlobal
